
Microsoft Visual Studio Solution File, Format Version 12.00
# Visual Studio Version 16
VisualStudioVersion = 25.0.1706.14
MinimumVisualStudioVersion = 10.0.40219.1
Project("{FAE04EC0-301F-11D3-BF4B-00C04F79EFBC}") = "LibraryManagementSystem", "LibraryManagementSystem\LibraryManagementSystem.csproj", "{4EEBDAD5-9F0F-47AF-9DD2-85A28B05B696}"
EndProject
Global
	GlobalSection(SolutionConfigurationPlatforms) = preSolution
		Debug|Any CPU = Debug|Any CPU
		Release|Any CPU = Release|Any CPU
	EndGlobalSection
	GlobalSection(ProjectConfigurationPlatforms) = postSolution
		{4EEBDAD5-9F0F-47AF-9DD2-85A28B05B696}.Debug|Any CPU.ActiveCfg = Debug|Any CPU
		{4EEBDAD5-9F0F-47AF-9DD2-85A28B05B696}.Debug|Any CPU.Build.0 = Debug|Any CPU
		{4EEBDAD5-9F0F-47AF-9DD2-85A28B05B696}.Release|Any CPU.ActiveCfg = Release|Any CPU
		{4EEBDAD5-9F0F-47AF-9DD2-85A28B05B696}.Release|Any CPU.Build.0 = Release|Any CPU
	EndGlobalSection
	GlobalSection(SolutionProperties) = preSolution
		HideSolutionNode = FALSE
	EndGlobalSection
	GlobalSection(ExtensibilityGlobals) = postSolution
		SolutionGuid = {EF9859D6-31B3-4AA0-BDED-C99988784971}
	EndGlobalSection
EndGlobal
